
Microsoft Visual Studio Solution File, Format Version 12.00
# Visual Studio 2013
VisualStudioVersion = 12.0.31101.0
MinimumVisualStudioVersion = 10.0.40219.1
Project("{8BC9CEB8-8B4A-11D0-8D11-00A0C91BC942}") = "Add Two", "Assembly Project\Assembly Project.vcxproj", "{EB7FE5F1-3412-441C-B2BA-B3AD8007BE17}"
EndProject
Project("{8BC9CEB8-8B4A-11D0-8D11-00A0C91BC942}") = "Add Variables", "Add Variables\Add Variables.vcxproj", "{22774717-BAF3-44BF-9444-A91A16410B6E}"
EndProject
Project("{8BC9CEB8-8B4A-11D0-8D11-00A0C91BC942}") = "Integer Expression Calculation", "Integer Expression Calculation\Integer Expression Calculation.vcxproj", "{D2C51C63-708E-4F70-9A3E-429E52363474}"
EndProject
Project("{8BC9CEB8-8B4A-11D0-8D11-00A0C91BC942}") = "Memory Swap", "Memory Swap\Memory Swap.vcxproj", "{C0DFB78F-01D7-4EEB-AEDE-A3E729E8F838}"
EndProject
Project("{8BC9CEB8-8B4A-11D0-8D11-00A0C91BC942}") = "Array", "Array\Array.vcxproj", "{11C2F0AC-6D8F-40AB-A146-950F7F639DF1}"
EndProject
Project("{8BC9CEB8-8B4A-11D0-8D11-00A0C91BC942}") = "Mov Variations", "Mov Variations\Mov Variations.vcxproj", "{EEC1566E-6978-45D1-8591-A8445D4038B6}"
EndProject
Project("{8BC9CEB8-8B4A-11D0-8D11-00A0C91BC942}") = "Increment and Decrement", "Increment and Decrement\Increment and Decrement.vcxproj", "{16CF7BFF-73D0-480F-97F9-25E399746447}"
EndProject
Project("{8BC9CEB8-8B4A-11D0-8D11-00A0C91BC942}") = "Add Sub Neg", "Add Sub Neg\Add Sub Neg.vcxproj", "{5D9205B0-E043-4FF9-B233-2A56CD23FC9B}"
EndProject
Project("{8BC9CEB8-8B4A-11D0-8D11-00A0C91BC942}") = "Flags", "Flags\Flags.vcxproj", "{8CA61597-4B6E-4D0F-B678-EE06058A2EB6}"
EndProject
Project("{8BC9CEB8-8B4A-11D0-8D11-00A0C91BC942}") = "Pointers", "Pointers\Pointers.vcxproj", "{E634E2AE-F987-46CF-8A3A-FAC2BCA3EBCC}"
EndProject
Project("{8BC9CEB8-8B4A-11D0-8D11-00A0C91BC942}") = "Array Sum", "Array Sum\Array Sum.vcxproj", "{588AD820-1766-4E5B-B767-B003938AC0EB}"
EndProject
Project("{8BC9CEB8-8B4A-11D0-8D11-00A0C91BC942}") = "String Copy", "String Copy\String Copy.vcxproj", "{9BCAD23A-0F4A-4E1B-9616-FF27DA04E624}"
EndProject
Project("{8BC9CEB8-8B4A-11D0-8D11-00A0C91BC942}") = "Big to Little Endian", "Big to Little Endian\Big to Little Endian.vcxproj", "{7D783BEC-3DAF-4F14-823F-EC6563C7ED3F}"
EndProject
Project("{8BC9CEB8-8B4A-11D0-8D11-00A0C91BC942}") = "Array Pair Swap", "Array Pair Swap\Array Pair Swap.vcxproj", "{EB38FF49-7555-4A91-B4F5-40CF243803A2}"
EndProject
Project("{8BC9CEB8-8B4A-11D0-8D11-00A0C91BC942}") = "Array Gap Sum", "Array Gap Sum\Array Gap Sum.vcxproj", "{05746E3F-E2E0-46BF-A196-CC1930C23AD0}"
EndProject
Project("{8BC9CEB8-8B4A-11D0-8D11-00A0C91BC942}") = "Reverse String", "Reverse String\Reverse String.vcxproj", "{E7C7C930-34DD-4AD6-A945-80A1EBD58897}"
EndProject
Project("{8BC9CEB8-8B4A-11D0-8D11-00A0C91BC942}") = "Array Sum Procedure", "Array Sum Procedure\Array Sum Procedure.vcxproj", "{B3136C91-B30B-4EAA-8284-D26945102C1E}"
EndProject
Project("{8BC9CEB8-8B4A-11D0-8D11-00A0C91BC942}") = "Conditional Array Sum", "Conditional Array Sum\Conditional Array Sum.vcxproj", "{3365CB11-397E-4478-AE44-1F25078A09A7}"
EndProject
Project("{8BC9CEB8-8B4A-11D0-8D11-00A0C91BC942}") = "Table Driven Selection", "Table Driven Selection\Table Driven Selection.vcxproj", "{5226DC73-2272-444C-B645-49F36C1C40CD}"
EndProject
Project("{8BC9CEB8-8B4A-11D0-8D11-00A0C91BC942}") = "Pass by Value and Reference", "Pass by Value and Reference\Pass by Value and Reference.vcxproj", "{58A52CE0-B0FA-4F60-8368-C1AC830B6647}"
EndProject
Project("{8BC9CEB8-8B4A-11D0-8D11-00A0C91BC942}") = "LEA Instruction", "LEA Instruction\LEA Instruction.vcxproj", "{370B7AB3-9DE1-45E6-9013-979E23231920}"
EndProject
Project("{8BC9CEB8-8B4A-11D0-8D11-00A0C91BC942}") = "Recursion Stack Overflow", "Recursion Stack Overflow\Recursion Stack Overflow.vcxproj", "{A54D11B1-FA85-4D0B-ADDB-F38C02BDDAD0}"
EndProject
Global
	GlobalSection(SolutionConfigurationPlatforms) = preSolution
		Debug|Win32 = Debug|Win32
		Release|Win32 = Release|Win32
	EndGlobalSection
	GlobalSection(ProjectConfigurationPlatforms) = postSolution
		{EB7FE5F1-3412-441C-B2BA-B3AD8007BE17}.Debug|Win32.ActiveCfg = Debug|Win32
		{EB7FE5F1-3412-441C-B2BA-B3AD8007BE17}.Debug|Win32.Build.0 = Debug|Win32
		{EB7FE5F1-3412-441C-B2BA-B3AD8007BE17}.Release|Win32.ActiveCfg = Release|Win32
		{EB7FE5F1-3412-441C-B2BA-B3AD8007BE17}.Release|Win32.Build.0 = Release|Win32
		{22774717-BAF3-44BF-9444-A91A16410B6E}.Debug|Win32.ActiveCfg = Debug|Win32
		{22774717-BAF3-44BF-9444-A91A16410B6E}.Debug|Win32.Build.0 = Debug|Win32
		{22774717-BAF3-44BF-9444-A91A16410B6E}.Release|Win32.ActiveCfg = Release|Win32
		{22774717-BAF3-44BF-9444-A91A16410B6E}.Release|Win32.Build.0 = Release|Win32
		{D2C51C63-708E-4F70-9A3E-429E52363474}.Debug|Win32.ActiveCfg = Debug|Win32
		{D2C51C63-708E-4F70-9A3E-429E52363474}.Debug|Win32.Build.0 = Debug|Win32
		{D2C51C63-708E-4F70-9A3E-429E52363474}.Release|Win32.ActiveCfg = Release|Win32
		{D2C51C63-708E-4F70-9A3E-429E52363474}.Release|Win32.Build.0 = Release|Win32
		{C0DFB78F-01D7-4EEB-AEDE-A3E729E8F838}.Debug|Win32.ActiveCfg = Debug|Win32
		{C0DFB78F-01D7-4EEB-AEDE-A3E729E8F838}.Debug|Win32.Build.0 = Debug|Win32
		{C0DFB78F-01D7-4EEB-AEDE-A3E729E8F838}.Release|Win32.ActiveCfg = Release|Win32
		{C0DFB78F-01D7-4EEB-AEDE-A3E729E8F838}.Release|Win32.Build.0 = Release|Win32
		{11C2F0AC-6D8F-40AB-A146-950F7F639DF1}.Debug|Win32.ActiveCfg = Debug|Win32
		{11C2F0AC-6D8F-40AB-A146-950F7F639DF1}.Debug|Win32.Build.0 = Debug|Win32
		{11C2F0AC-6D8F-40AB-A146-950F7F639DF1}.Release|Win32.ActiveCfg = Release|Win32
		{11C2F0AC-6D8F-40AB-A146-950F7F639DF1}.Release|Win32.Build.0 = Release|Win32
		{EEC1566E-6978-45D1-8591-A8445D4038B6}.Debug|Win32.ActiveCfg = Debug|Win32
		{EEC1566E-6978-45D1-8591-A8445D4038B6}.Debug|Win32.Build.0 = Debug|Win32
		{EEC1566E-6978-45D1-8591-A8445D4038B6}.Release|Win32.ActiveCfg = Release|Win32
		{EEC1566E-6978-45D1-8591-A8445D4038B6}.Release|Win32.Build.0 = Release|Win32
		{16CF7BFF-73D0-480F-97F9-25E399746447}.Debug|Win32.ActiveCfg = Debug|Win32
		{16CF7BFF-73D0-480F-97F9-25E399746447}.Debug|Win32.Build.0 = Debug|Win32
		{16CF7BFF-73D0-480F-97F9-25E399746447}.Release|Win32.ActiveCfg = Release|Win32
		{16CF7BFF-73D0-480F-97F9-25E399746447}.Release|Win32.Build.0 = Release|Win32
		{5D9205B0-E043-4FF9-B233-2A56CD23FC9B}.Debug|Win32.ActiveCfg = Debug|Win32
		{5D9205B0-E043-4FF9-B233-2A56CD23FC9B}.Debug|Win32.Build.0 = Debug|Win32
		{5D9205B0-E043-4FF9-B233-2A56CD23FC9B}.Release|Win32.ActiveCfg = Release|Win32
		{5D9205B0-E043-4FF9-B233-2A56CD23FC9B}.Release|Win32.Build.0 = Release|Win32
		{8CA61597-4B6E-4D0F-B678-EE06058A2EB6}.Debug|Win32.ActiveCfg = Debug|Win32
		{8CA61597-4B6E-4D0F-B678-EE06058A2EB6}.Debug|Win32.Build.0 = Debug|Win32
		{8CA61597-4B6E-4D0F-B678-EE06058A2EB6}.Release|Win32.ActiveCfg = Release|Win32
		{8CA61597-4B6E-4D0F-B678-EE06058A2EB6}.Release|Win32.Build.0 = Release|Win32
		{E634E2AE-F987-46CF-8A3A-FAC2BCA3EBCC}.Debug|Win32.ActiveCfg = Debug|Win32
		{E634E2AE-F987-46CF-8A3A-FAC2BCA3EBCC}.Debug|Win32.Build.0 = Debug|Win32
		{E634E2AE-F987-46CF-8A3A-FAC2BCA3EBCC}.Release|Win32.ActiveCfg = Release|Win32
		{E634E2AE-F987-46CF-8A3A-FAC2BCA3EBCC}.Release|Win32.Build.0 = Release|Win32
		{588AD820-1766-4E5B-B767-B003938AC0EB}.Debug|Win32.ActiveCfg = Debug|Win32
		{588AD820-1766-4E5B-B767-B003938AC0EB}.Debug|Win32.Build.0 = Debug|Win32
		{588AD820-1766-4E5B-B767-B003938AC0EB}.Release|Win32.ActiveCfg = Release|Win32
		{588AD820-1766-4E5B-B767-B003938AC0EB}.Release|Win32.Build.0 = Release|Win32
		{9BCAD23A-0F4A-4E1B-9616-FF27DA04E624}.Debug|Win32.ActiveCfg = Debug|Win32
		{9BCAD23A-0F4A-4E1B-9616-FF27DA04E624}.Debug|Win32.Build.0 = Debug|Win32
		{9BCAD23A-0F4A-4E1B-9616-FF27DA04E624}.Release|Win32.ActiveCfg = Release|Win32
		{9BCAD23A-0F4A-4E1B-9616-FF27DA04E624}.Release|Win32.Build.0 = Release|Win32
		{7D783BEC-3DAF-4F14-823F-EC6563C7ED3F}.Debug|Win32.ActiveCfg = Debug|Win32
		{7D783BEC-3DAF-4F14-823F-EC6563C7ED3F}.Debug|Win32.Build.0 = Debug|Win32
		{7D783BEC-3DAF-4F14-823F-EC6563C7ED3F}.Release|Win32.ActiveCfg = Release|Win32
		{7D783BEC-3DAF-4F14-823F-EC6563C7ED3F}.Release|Win32.Build.0 = Release|Win32
		{EB38FF49-7555-4A91-B4F5-40CF243803A2}.Debug|Win32.ActiveCfg = Debug|Win32
		{EB38FF49-7555-4A91-B4F5-40CF243803A2}.Debug|Win32.Build.0 = Debug|Win32
		{EB38FF49-7555-4A91-B4F5-40CF243803A2}.Release|Win32.ActiveCfg = Release|Win32
		{EB38FF49-7555-4A91-B4F5-40CF243803A2}.Release|Win32.Build.0 = Release|Win32
		{05746E3F-E2E0-46BF-A196-CC1930C23AD0}.Debug|Win32.ActiveCfg = Debug|Win32
		{05746E3F-E2E0-46BF-A196-CC1930C23AD0}.Debug|Win32.Build.0 = Debug|Win32
		{05746E3F-E2E0-46BF-A196-CC1930C23AD0}.Release|Win32.ActiveCfg = Release|Win32
		{05746E3F-E2E0-46BF-A196-CC1930C23AD0}.Release|Win32.Build.0 = Release|Win32
		{E7C7C930-34DD-4AD6-A945-80A1EBD58897}.Debug|Win32.ActiveCfg = Debug|Win32
		{E7C7C930-34DD-4AD6-A945-80A1EBD58897}.Debug|Win32.Build.0 = Debug|Win32
		{E7C7C930-34DD-4AD6-A945-80A1EBD58897}.Release|Win32.ActiveCfg = Release|Win32
		{E7C7C930-34DD-4AD6-A945-80A1EBD58897}.Release|Win32.Build.0 = Release|Win32
		{B3136C91-B30B-4EAA-8284-D26945102C1E}.Debug|Win32.ActiveCfg = Debug|Win32
		{B3136C91-B30B-4EAA-8284-D26945102C1E}.Debug|Win32.Build.0 = Debug|Win32
		{B3136C91-B30B-4EAA-8284-D26945102C1E}.Release|Win32.ActiveCfg = Release|Win32
		{B3136C91-B30B-4EAA-8284-D26945102C1E}.Release|Win32.Build.0 = Release|Win32
		{3365CB11-397E-4478-AE44-1F25078A09A7}.Debug|Win32.ActiveCfg = Debug|Win32
		{3365CB11-397E-4478-AE44-1F25078A09A7}.Debug|Win32.Build.0 = Debug|Win32
		{3365CB11-397E-4478-AE44-1F25078A09A7}.Release|Win32.ActiveCfg = Release|Win32
		{3365CB11-397E-4478-AE44-1F25078A09A7}.Release|Win32.Build.0 = Release|Win32
		{5226DC73-2272-444C-B645-49F36C1C40CD}.Debug|Win32.ActiveCfg = Debug|Win32
		{5226DC73-2272-444C-B645-49F36C1C40CD}.Debug|Win32.Build.0 = Debug|Win32
		{5226DC73-2272-444C-B645-49F36C1C40CD}.Release|Win32.ActiveCfg = Release|Win32
		{5226DC73-2272-444C-B645-49F36C1C40CD}.Release|Win32.Build.0 = Release|Win32
		{58A52CE0-B0FA-4F60-8368-C1AC830B6647}.Debug|Win32.ActiveCfg = Debug|Win32
		{58A52CE0-B0FA-4F60-8368-C1AC830B6647}.Debug|Win32.Build.0 = Debug|Win32
		{58A52CE0-B0FA-4F60-8368-C1AC830B6647}.Release|Win32.ActiveCfg = Release|Win32
		{58A52CE0-B0FA-4F60-8368-C1AC830B6647}.Release|Win32.Build.0 = Release|Win32
		{370B7AB3-9DE1-45E6-9013-979E23231920}.Debug|Win32.ActiveCfg = Debug|Win32
		{370B7AB3-9DE1-45E6-9013-979E23231920}.Debug|Win32.Build.0 = Debug|Win32
		{370B7AB3-9DE1-45E6-9013-979E23231920}.Release|Win32.ActiveCfg = Release|Win32
		{370B7AB3-9DE1-45E6-9013-979E23231920}.Release|Win32.Build.0 = Release|Win32
		{A54D11B1-FA85-4D0B-ADDB-F38C02BDDAD0}.Debug|Win32.ActiveCfg = Debug|Win32
		{A54D11B1-FA85-4D0B-ADDB-F38C02BDDAD0}.Debug|Win32.Build.0 = Debug|Win32
		{A54D11B1-FA85-4D0B-ADDB-F38C02BDDAD0}.Release|Win32.ActiveCfg = Release|Win32
		{A54D11B1-FA85-4D0B-ADDB-F38C02BDDAD0}.Release|Win32.Build.0 = Release|Win32
	EndGlobalSection
	GlobalSection(SolutionProperties) = preSolution
		HideSolutionNode = FALSE
	EndGlobalSection
EndGlobal
